
Microsoft Visual Studio Solution File, Format Version 12.00
# Visual Studio 15
VisualStudioVersion = 15.0.26730.16
MinimumVisualStudioVersion = 10.0.40219.1
Project("{9A19103F-16F7-4668-BE54-9A1E7A4F7556}") = "HugeDrawingTool", "HugeDrawingTool\HugeDrawingTool.csproj", "{D2A9958A-D0B8-4309-9E13-78AE382C8AA0}"
EndProject
Project("{FAE04EC0-301F-11D3-BF4B-00C04F79EFBC}") = "HugeDrawingToolTest", "HugeDrawingToolTest\HugeDrawingToolTest.csproj", "{7B01BDDF-A9D7-4CD9-A4A0-0B1119F56612}"
EndProject
Project("{FAE04EC0-301F-11D3-BF4B-00C04F79EFBC}") = "HugeDrawingToolWinForm", "HugeDrawingToolWinForm\HugeDrawingToolWinForm.csproj", "{15B4B63D-DE76-4957-9E78-C9084BCD1FE5}"
EndProject
Project("{FAE04EC0-301F-11D3-BF4B-00C04F79EFBC}") = "HugeDrawingToolBussiness", "HugeDrawingToolBussiness\HugeDrawingToolBussiness.csproj", "{870AC399-9689-4724-9AEA-E0DE75AD24B8}"
EndProject
Global
	GlobalSection(SolutionConfigurationPlatforms) = preSolution
		Debug|Any CPU = Debug|Any CPU
		Release|Any CPU = Release|Any CPU
	EndGlobalSection
	GlobalSection(ProjectConfigurationPlatforms) = postSolution
		{D2A9958A-D0B8-4309-9E13-78AE382C8AA0}.Debug|Any CPU.ActiveCfg = Debug|Any CPU
		{D2A9958A-D0B8-4309-9E13-78AE382C8AA0}.Debug|Any CPU.Build.0 = Debug|Any CPU
		{D2A9958A-D0B8-4309-9E13-78AE382C8AA0}.Release|Any CPU.ActiveCfg = Release|Any CPU
		{D2A9958A-D0B8-4309-9E13-78AE382C8AA0}.Release|Any CPU.Build.0 = Release|Any CPU
		{7B01BDDF-A9D7-4CD9-A4A0-0B1119F56612}.Debug|Any CPU.ActiveCfg = Debug|Any CPU
		{7B01BDDF-A9D7-4CD9-A4A0-0B1119F56612}.Debug|Any CPU.Build.0 = Debug|Any CPU
		{7B01BDDF-A9D7-4CD9-A4A0-0B1119F56612}.Release|Any CPU.ActiveCfg = Release|Any CPU
		{7B01BDDF-A9D7-4CD9-A4A0-0B1119F56612}.Release|Any CPU.Build.0 = Release|Any CPU
		{15B4B63D-DE76-4957-9E78-C9084BCD1FE5}.Debug|Any CPU.ActiveCfg = Debug|Any CPU
		{15B4B63D-DE76-4957-9E78-C9084BCD1FE5}.Debug|Any CPU.Build.0 = Debug|Any CPU
		{15B4B63D-DE76-4957-9E78-C9084BCD1FE5}.Release|Any CPU.ActiveCfg = Release|Any CPU
		{15B4B63D-DE76-4957-9E78-C9084BCD1FE5}.Release|Any CPU.Build.0 = Release|Any CPU
		{870AC399-9689-4724-9AEA-E0DE75AD24B8}.Debug|Any CPU.ActiveCfg = Debug|Any CPU
		{870AC399-9689-4724-9AEA-E0DE75AD24B8}.Debug|Any CPU.Build.0 = Debug|Any CPU
		{870AC399-9689-4724-9AEA-E0DE75AD24B8}.Release|Any CPU.ActiveCfg = Release|Any CPU
		{870AC399-9689-4724-9AEA-E0DE75AD24B8}.Release|Any CPU.Build.0 = Release|Any CPU
	EndGlobalSection
	GlobalSection(SolutionProperties) = preSolution
		HideSolutionNode = FALSE
	EndGlobalSection
	GlobalSection(ExtensibilityGlobals) = postSolution
		SolutionGuid = {B3086EFC-EBB9-4183-9793-7C99F49F8CB6}
	EndGlobalSection
EndGlobal
